// !$*UTF8*$!
{
	archiveVersion = 1;
	classes = {
	};
	objectVersion = 46;
	objects = {

/* Begin PBXBuildFile section */
		DFE490781A7A8AF30027BBF5 /* main.cpp in Sources */ = {isa = PBXBuildFile; fileRef = DFE490771A7A8AF30027BBF5 /* main.cpp */; };
/* End PBXBuildFile section */

/* Begin PBXCopyFilesBuildPhase section */
		DFE4906B1A7A8AC50027BBF5 /* CopyFiles */ = {
			isa = PBXCopyFilesBuildPhase;
			buildActionMask = 2147483647;
			dstPath = /usr/share/man/man1/;
			dstSubfolderSpec = 0;
			files = (
			);
			runOnlyForDeploymentPostprocessing = 1;
		};
/* End PBXCopyFilesBuildPhase section */

/* Begin PBXFileReference section */
		DFE4906D1A7A8AC50027BBF5 /* WriteReadUTF8File */ = {isa = PBXFileReference; explicitFileType = "compiled.mach-o.executable"; includeInIndex = 0; path = WriteReadUTF8File; sourceTree = BUILT_PRODUCTS_DIR; };
		DFE490771A7A8AF30027BBF5 /* main.cpp */ = {isa = PBXFileReference; fileEncoding = 4; lastKnownFileType = sourcecode.cpp.cpp; name = main.cpp; path = src/main.cpp; sourceTree = SOURCE_ROOT; };
/* End PBXFileReference section */

/* Begin PBXFrameworksBuildPhase section */
		DFE4906A1A7A8AC50027BBF5 /* Frameworks */ = {
			isa = PBXFrameworksBuildPhase;
			buildActionMask = 2147483647;
			files = (
			);
			runOnlyForDeploymentPostprocessing = 0;
		};
/* End PBXFrameworksBuildPhase section */

/* Begin PBXGroup section */
		DFE490641A7A8AC50027BBF5 = {
			isa = PBXGroup;
			children = (
				DFE4906F1A7A8AC50027BBF5 /* WriteReadUTF8File */,
				DFE4906E1A7A8AC50027BBF5 /* Products */,
			);
			sourceTree = "<group>";
		};
		DFE4906E1A7A8AC50027BBF5 /* Products */ = {
			isa = PBXGroup;
			children = (
				DFE4906D1A7A8AC50027BBF5 /* WriteReadUTF8File */,
			);
			name = Products;
			sourceTree = "<group>";
		};
		DFE4906F1A7A8AC50027BBF5 /* WriteReadUTF8File */ = {
			isa = PBXGroup;
			children = (
				DFE490771A7A8AF30027BBF5 /* main.cpp */,
			);
			path = WriteReadUTF8File;
			sourceTree = "<group>";
		};
/* End PBXGroup section */

/* Begin PBXNativeTarget section */
		DFE4906C1A7A8AC50027BBF5 /* WriteReadUTF8File */ = {
			isa = PBXNativeTarget;
			buildConfigurationList = DFE490741A7A8AC50027BBF5 /* Build configuration list for PBXNativeTarget "WriteReadUTF8File" */;
			buildPhases = (
				DFE490691A7A8AC50027BBF5 /* Sources */,
				DFE4906A1A7A8AC50027BBF5 /* Frameworks */,
				DFE4906B1A7A8AC50027BBF5 /* CopyFiles */,
			);
			buildRules = (
			);
			dependencies = (
			);
			name = WriteReadUTF8File;
			productName = WriteReadUTF8File;
			productReference = DFE4906D1A7A8AC50027BBF5 /* WriteReadUTF8File */;
			productType = "com.apple.product-type.tool";
		};
/* End PBXNativeTarget section */

/* Begin PBXProject section */
		DFE490651A7A8AC50027BBF5 /* Project object */ = {
			isa = PBXProject;
			attributes = {
				LastUpgradeCheck = 0610;
				ORGANIZATIONNAME = "EPSTA G.K.";
				TargetAttributes = {
					DFE4906C1A7A8AC50027BBF5 = {
						CreatedOnToolsVersion = 6.1.1;
					};
				};
			};
			buildConfigurationList = DFE490681A7A8AC50027BBF5 /* Build configuration list for PBXProject "WriteReadUTF8File" */;
			compatibilityVersion = "Xcode 3.2";
			developmentRegion = English;
			hasScannedForEncodings = 0;
			knownRegions = (
				en,
			);
			mainGroup = DFE490641A7A8AC50027BBF5;
			productRefGroup = DFE4906E1A7A8AC50027BBF5 /* Products */;
			projectDirPath = "";
			projectRoot = "";
			targets = (
				DFE4906C1A7A8AC50027BBF5 /* WriteReadUTF8File */,
			);
		};
/* End PBXProject section */

/* Begin PBXSourcesBuildPhase section */
		DFE490691A7A8AC50027BBF5 /* Sources */ = {
			isa = PBXSourcesBuildPhase;
			buildActionMask = 2147483647;
			files = (
				DFE490781A7A8AF30027BBF5 /* main.cpp in Sources */,
			);
			runOnlyForDeploymentPostprocessing = 0;
		};
/* End PBXSourcesBuildPhase section */

/* Begin XCBuildConfiguration section */
		DFE490721A7A8AC50027BBF5 /* Debug */ = {
			isa = XCBuildConfiguration;
			buildSettings = {
				ALWAYS_SEARCH_USER_PATHS = NO;
				CLANG_CXX_LANGUAGE_STANDARD = "gnu++0x";
				CLANG_CXX_LIBRARY = "libc++";
				CLANG_ENABLE_MODULES = YES;
				CLANG_ENABLE_OBJC_ARC = YES;
				CLANG_WARN_BOOL_CONVERSION = YES;
				CLANG_WARN_CONSTANT_CONVERSION = YES;
				CLANG_WARN_DIRECT_OBJC_ISA_USAGE = YES_ERROR;
				CLANG_WARN_EMPTY_BODY = YES;
				CLANG_WARN_ENUM_CONVERSION = YES;
				CLANG_WARN_INT_CONVERSION = YES;
				CLANG_WARN_OBJC_ROOT_CLASS = YES_ERROR;
				CLANG_WARN_UNREACHABLE_CODE = YES;
				CLANG_WARN__DUPLICATE_METHOD_MATCH = YES;
				COPY_PHASE_STRIP = NO;
				ENABLE_STRICT_OBJC_MSGSEND = YES;
				GCC_C_LANGUAGE_STANDARD = gnu99;
				GCC_DYNAMIC_NO_PIC = NO;
				GCC_OPTIMIZATION_LEVEL = 0;
				GCC_PREPROCESSOR_DEFINITIONS = (
					"DEBUG=1",
					"$(inherited)",
				);
				GCC_SYMBOLS_PRIVATE_EXTERN = NO;
				GCC_WARN_64_TO_32_BIT_CONVERSION = YES;
				GCC_WARN_ABOUT_RETURN_TYPE = YES_ERROR;
				GCC_WARN_UNDECLARED_SELECTOR = YES;
				GCC_WARN_UNINITIALIZED_AUTOS = YES_AGGRESSIVE;
				GCC_WARN_UNUSED_FUNCTION = YES;
				GCC_WARN_UNUSED_VARIABLE = YES;
				MACOSX_DEPLOYMENT_TARGET = 10.9;
				MTL_ENABLE_DEBUG_INFO = YES;
				ONLY_ACTIVE_ARCH = YES;
				SDKROOT = macosx;
			};
			name = Debug;
		};
		DFE490731A7A8AC50027BBF5 /* Release */ = {
			isa = XCBuildConfiguration;
			buildSettings = {
				ALWAYS_SEARCH_USER_PATHS = NO;
				CLANG_CXX_LANGUAGE_STANDARD = "gnu++0x";
				CLANG_CXX_LIBRARY = "libc++";
				CLANG_ENABLE_MODULES = YES;
				CLANG_ENABLE_OBJC_ARC = YES;
				CLANG_WARN_BOOL_CONVERSION = YES;
				CLANG_WARN_CONSTANT_CONVERSION = YES;
				CLANG_WARN_DIRECT_OBJC_ISA_USAGE = YES_ERROR;
				CLANG_WARN_EMPTY_BODY = YES;
				CLANG_WARN_ENUM_CONVERSION = YES;
				CLANG_WARN_INT_CONVERSION = YES;
				CLANG_WARN_OBJC_ROOT_CLASS = YES_ERROR;
				CLANG_WARN_UNREACHABLE_CODE = YES;
				CLANG_WARN__DUPLICATE_METHOD_MATCH = YES;
				COPY_PHASE_STRIP = YES;
				DEBUG_INFORMATION_FORMAT = "dwarf-with-dsym";
				ENABLE_NS_ASSERTIONS = NO;
				ENABLE_STRICT_OBJC_MSGSEND = YES;
				GCC_C_LANGUAGE_STANDARD = gnu99;
				GCC_WARN_64_TO_32_BIT_CONVERSION = YES;
				GCC_WARN_ABOUT_RETURN_TYPE = YES_ERROR;
				GCC_WARN_UNDECLARED_SELECTOR = YES;
				GCC_WARN_UNINITIALIZED_AUTOS = YES_AGGRESSIVE;
				GCC_WARN_UNUSED_FUNCTION = YES;
				GCC_WARN_UNUSED_VARIABLE = YES;
				MACOSX_DEPLOYMENT_TARGET = 10.9;
				MTL_ENABLE_DEBUG_INFO = NO;
				SDKROOT = macosx;
			};
			name = Release;
		};
		DFE490751A7A8AC50027BBF5 /* Debug */ = {
			isa = XCBuildConfiguration;
			buildSettings = {
				PRODUCT_NAME = "$(TARGET_NAME)";
			};
			name = Debug;
		};
		DFE490761A7A8AC50027BBF5 /* Release */ = {
			isa = XCBuildConfiguration;
			buildSettings = {
				PRODUCT_NAME = "$(TARGET_NAME)";
			};
			name = Release;
		};
/* End XCBuildConfiguration section */

/* Begin XCConfigurationList section */
		DFE490681A7A8AC50027BBF5 /* Build configuration list for PBXProject "WriteReadUTF8File" */ = {
			isa = XCConfigurationList;
			buildConfigurations = (
				DFE490721A7A8AC50027BBF5 /* Debug */,
				DFE490731A7A8AC50027BBF5 /* Release */,
			);
			defaultConfigurationIsVisible = 0;
			defaultConfigurationName = Release;
		};
		DFE490741A7A8AC50027BBF5 /* Build configuration list for PBXNativeTarget "WriteReadUTF8File" */ = {
			isa = XCConfigurationList;
			buildConfigurations = (
				DFE490751A7A8AC50027BBF5 /* Debug */,
				DFE490761A7A8AC50027BBF5 /* Release */,
			);
			defaultConfigurationIsVisible = 0;
			defaultConfigurationName = Release;
		};
/* End XCConfigurationList section */
	};
	rootObject = DFE490651A7A8AC50027BBF5 /* Project object */;
}
