// !$*UTF8*$!
{
	archiveVersion = 1;
	classes = {
	};
	objectVersion = 46;
	objects = {

/* Begin PBXBuildFile section */
		DF5B0DE11B515D3D0004B50D /* main.m in Sources */ = {isa = PBXBuildFile; fileRef = DF5B0DE01B515D3D0004B50D /* main.m */; };
/* End PBXBuildFile section */

/* Begin PBXCopyFilesBuildPhase section */
		DF5B0DDB1B515D3D0004B50D /* CopyFiles */ = {
			isa = PBXCopyFilesBuildPhase;
			buildActionMask = 2147483647;
			dstPath = /usr/share/man/man1/;
			dstSubfolderSpec = 0;
			files = (
			);
			runOnlyForDeploymentPostprocessing = 1;
		};
/* End PBXCopyFilesBuildPhase section */

/* Begin PBXFileReference section */
		DF5B0DDD1B515D3D0004B50D /* WriteReadJsonForObjC */ = {isa = PBXFileReference; explicitFileType = "compiled.mach-o.executable"; includeInIndex = 0; path = WriteReadJsonForObjC; sourceTree = BUILT_PRODUCTS_DIR; };
		DF5B0DE01B515D3D0004B50D /* main.m */ = {isa = PBXFileReference; lastKnownFileType = sourcecode.c.objc; path = main.m; sourceTree = "<group>"; };
/* End PBXFileReference section */

/* Begin PBXFrameworksBuildPhase section */
		DF5B0DDA1B515D3D0004B50D /* Frameworks */ = {
			isa = PBXFrameworksBuildPhase;
			buildActionMask = 2147483647;
			files = (
			);
			runOnlyForDeploymentPostprocessing = 0;
		};
/* End PBXFrameworksBuildPhase section */

/* Begin PBXGroup section */
		DF5B0DD41B515D3D0004B50D = {
			isa = PBXGroup;
			children = (
				DF5B0DDF1B515D3D0004B50D /* WriteReadJsonForObjC */,
				DF5B0DDE1B515D3D0004B50D /* Products */,
			);
			sourceTree = "<group>";
		};
		DF5B0DDE1B515D3D0004B50D /* Products */ = {
			isa = PBXGroup;
			children = (
				DF5B0DDD1B515D3D0004B50D /* WriteReadJsonForObjC */,
			);
			name = Products;
			sourceTree = "<group>";
		};
		DF5B0DDF1B515D3D0004B50D /* WriteReadJsonForObjC */ = {
			isa = PBXGroup;
			children = (
				DF5B0DE01B515D3D0004B50D /* main.m */,
			);
			path = WriteReadJsonForObjC;
			sourceTree = "<group>";
		};
/* End PBXGroup section */

/* Begin PBXNativeTarget section */
		DF5B0DDC1B515D3D0004B50D /* WriteReadJsonForObjC */ = {
			isa = PBXNativeTarget;
			buildConfigurationList = DF5B0DE41B515D3D0004B50D /* Build configuration list for PBXNativeTarget "WriteReadJsonForObjC" */;
			buildPhases = (
				DF5B0DD91B515D3D0004B50D /* Sources */,
				DF5B0DDA1B515D3D0004B50D /* Frameworks */,
				DF5B0DDB1B515D3D0004B50D /* CopyFiles */,
			);
			buildRules = (
			);
			dependencies = (
			);
			name = WriteReadJsonForObjC;
			productName = WriteReadJsonForObjC;
			productReference = DF5B0DDD1B515D3D0004B50D /* WriteReadJsonForObjC */;
			productType = "com.apple.product-type.tool";
		};
/* End PBXNativeTarget section */

/* Begin PBXProject section */
		DF5B0DD51B515D3D0004B50D /* Project object */ = {
			isa = PBXProject;
			attributes = {
				LastUpgradeCheck = 0630;
				ORGANIZATIONNAME = "備忘録.jp";
				TargetAttributes = {
					DF5B0DDC1B515D3D0004B50D = {
						CreatedOnToolsVersion = 6.3.2;
					};
				};
			};
			buildConfigurationList = DF5B0DD81B515D3D0004B50D /* Build configuration list for PBXProject "WriteReadJsonForObjC" */;
			compatibilityVersion = "Xcode 3.2";
			developmentRegion = English;
			hasScannedForEncodings = 0;
			knownRegions = (
				en,
			);
			mainGroup = DF5B0DD41B515D3D0004B50D;
			productRefGroup = DF5B0DDE1B515D3D0004B50D /* Products */;
			projectDirPath = "";
			projectRoot = "";
			targets = (
				DF5B0DDC1B515D3D0004B50D /* WriteReadJsonForObjC */,
			);
		};
/* End PBXProject section */

/* Begin PBXSourcesBuildPhase section */
		DF5B0DD91B515D3D0004B50D /* Sources */ = {
			isa = PBXSourcesBuildPhase;
			buildActionMask = 2147483647;
			files = (
				DF5B0DE11B515D3D0004B50D /* main.m in Sources */,
			);
			runOnlyForDeploymentPostprocessing = 0;
		};
/* End PBXSourcesBuildPhase section */

/* Begin XCBuildConfiguration section */
		DF5B0DE21B515D3D0004B50D /* Debug */ = {
			isa = XCBuildConfiguration;
			buildSettings = {
				ALWAYS_SEARCH_USER_PATHS = NO;
				CLANG_CXX_LANGUAGE_STANDARD = "gnu++0x";
				CLANG_CXX_LIBRARY = "libc++";
				CLANG_ENABLE_MODULES = YES;
				CLANG_ENABLE_OBJC_ARC = YES;
				CLANG_WARN_BOOL_CONVERSION = YES;
				CLANG_WARN_CONSTANT_CONVERSION = YES;
				CLANG_WARN_DIRECT_OBJC_ISA_USAGE = YES_ERROR;
				CLANG_WARN_EMPTY_BODY = YES;
				CLANG_WARN_ENUM_CONVERSION = YES;
				CLANG_WARN_INT_CONVERSION = YES;
				CLANG_WARN_OBJC_ROOT_CLASS = YES_ERROR;
				CLANG_WARN_UNREACHABLE_CODE = YES;
				CLANG_WARN__DUPLICATE_METHOD_MATCH = YES;
				COPY_PHASE_STRIP = NO;
				DEBUG_INFORMATION_FORMAT = dwarf;
				ENABLE_STRICT_OBJC_MSGSEND = YES;
				GCC_C_LANGUAGE_STANDARD = gnu99;
				GCC_DYNAMIC_NO_PIC = NO;
				GCC_NO_COMMON_BLOCKS = YES;
				GCC_OPTIMIZATION_LEVEL = 0;
				GCC_PREPROCESSOR_DEFINITIONS = (
					"DEBUG=1",
					"$(inherited)",
				);
				GCC_SYMBOLS_PRIVATE_EXTERN = NO;
				GCC_WARN_64_TO_32_BIT_CONVERSION = YES;
				GCC_WARN_ABOUT_RETURN_TYPE = YES_ERROR;
				GCC_WARN_UNDECLARED_SELECTOR = YES;
				GCC_WARN_UNINITIALIZED_AUTOS = YES_AGGRESSIVE;
				GCC_WARN_UNUSED_FUNCTION = YES;
				GCC_WARN_UNUSED_VARIABLE = YES;
				MACOSX_DEPLOYMENT_TARGET = 10.10;
				MTL_ENABLE_DEBUG_INFO = YES;
				ONLY_ACTIVE_ARCH = YES;
				SDKROOT = macosx;
			};
			name = Debug;
		};
		DF5B0DE31B515D3D0004B50D /* Release */ = {
			isa = XCBuildConfiguration;
			buildSettings = {
				ALWAYS_SEARCH_USER_PATHS = NO;
				CLANG_CXX_LANGUAGE_STANDARD = "gnu++0x";
				CLANG_CXX_LIBRARY = "libc++";
				CLANG_ENABLE_MODULES = YES;
				CLANG_ENABLE_OBJC_ARC = YES;
				CLANG_WARN_BOOL_CONVERSION = YES;
				CLANG_WARN_CONSTANT_CONVERSION = YES;
				CLANG_WARN_DIRECT_OBJC_ISA_USAGE = YES_ERROR;
				CLANG_WARN_EMPTY_BODY = YES;
				CLANG_WARN_ENUM_CONVERSION = YES;
				CLANG_WARN_INT_CONVERSION = YES;
				CLANG_WARN_OBJC_ROOT_CLASS = YES_ERROR;
				CLANG_WARN_UNREACHABLE_CODE = YES;
				CLANG_WARN__DUPLICATE_METHOD_MATCH = YES;
				COPY_PHASE_STRIP = NO;
				DEBUG_INFORMATION_FORMAT = "dwarf-with-dsym";
				ENABLE_NS_ASSERTIONS = NO;
				ENABLE_STRICT_OBJC_MSGSEND = YES;
				GCC_C_LANGUAGE_STANDARD = gnu99;
				GCC_NO_COMMON_BLOCKS = YES;
				GCC_WARN_64_TO_32_BIT_CONVERSION = YES;
				GCC_WARN_ABOUT_RETURN_TYPE = YES_ERROR;
				GCC_WARN_UNDECLARED_SELECTOR = YES;
				GCC_WARN_UNINITIALIZED_AUTOS = YES_AGGRESSIVE;
				GCC_WARN_UNUSED_FUNCTION = YES;
				GCC_WARN_UNUSED_VARIABLE = YES;
				MACOSX_DEPLOYMENT_TARGET = 10.10;
				MTL_ENABLE_DEBUG_INFO = NO;
				SDKROOT = macosx;
			};
			name = Release;
		};
		DF5B0DE51B515D3D0004B50D /* Debug */ = {
			isa = XCBuildConfiguration;
			buildSettings = {
				PRODUCT_NAME = "$(TARGET_NAME)";
			};
			name = Debug;
		};
		DF5B0DE61B515D3D0004B50D /* Release */ = {
			isa = XCBuildConfiguration;
			buildSettings = {
				PRODUCT_NAME = "$(TARGET_NAME)";
			};
			name = Release;
		};
/* End XCBuildConfiguration section */

/* Begin XCConfigurationList section */
		DF5B0DD81B515D3D0004B50D /* Build configuration list for PBXProject "WriteReadJsonForObjC" */ = {
			isa = XCConfigurationList;
			buildConfigurations = (
				DF5B0DE21B515D3D0004B50D /* Debug */,
				DF5B0DE31B515D3D0004B50D /* Release */,
			);
			defaultConfigurationIsVisible = 0;
			defaultConfigurationName = Release;
		};
		DF5B0DE41B515D3D0004B50D /* Build configuration list for PBXNativeTarget "WriteReadJsonForObjC" */ = {
			isa = XCConfigurationList;
			buildConfigurations = (
				DF5B0DE51B515D3D0004B50D /* Debug */,
				DF5B0DE61B515D3D0004B50D /* Release */,
			);
			defaultConfigurationIsVisible = 0;
		};
/* End XCConfigurationList section */
	};
	rootObject = DF5B0DD51B515D3D0004B50D /* Project object */;
}
